
Microsoft Visual Studio Solution File, Format Version 12.00
# Visual Studio Version 17
VisualStudioVersion = 17.11.35327.3
MinimumVisualStudioVersion = 10.0.40219.1
Project("{9A19103F-16F7-4668-BE54-9A1E7A4F7556}") = "API_He_thong", "API_He_thong\API_He_thong.csproj", "{C5176008-B5DD-4394-A77C-C5A530217169}"
EndProject
Project("{9A19103F-16F7-4668-BE54-9A1E7A4F7556}") = "BeeMatchingAPP", "BeeMatchingAPP\BeeMatchingAPP.csproj", "{5BF64409-050B-46C5-81B1-DFD5D59F577E}"
EndProject
Global
	GlobalSection(SolutionConfigurationPlatforms) = preSolution
		Debug|Any CPU = Debug|Any CPU
		Release|Any CPU = Release|Any CPU
	EndGlobalSection
	GlobalSection(ProjectConfigurationPlatforms) = postSolution
		{C5176008-B5DD-4394-A77C-C5A530217169}.Debug|Any CPU.ActiveCfg = Debug|Any CPU
		{C5176008-B5DD-4394-A77C-C5A530217169}.Debug|Any CPU.Build.0 = Debug|Any CPU
		{C5176008-B5DD-4394-A77C-C5A530217169}.Release|Any CPU.ActiveCfg = Release|Any CPU
		{C5176008-B5DD-4394-A77C-C5A530217169}.Release|Any CPU.Build.0 = Release|Any CPU
		{5BF64409-050B-46C5-81B1-DFD5D59F577E}.Debug|Any CPU.ActiveCfg = Debug|Any CPU
		{5BF64409-050B-46C5-81B1-DFD5D59F577E}.Debug|Any CPU.Build.0 = Debug|Any CPU
		{5BF64409-050B-46C5-81B1-DFD5D59F577E}.Release|Any CPU.ActiveCfg = Release|Any CPU
		{5BF64409-050B-46C5-81B1-DFD5D59F577E}.Release|Any CPU.Build.0 = Release|Any CPU
	EndGlobalSection
	GlobalSection(SolutionProperties) = preSolution
		HideSolutionNode = FALSE
	EndGlobalSection
	GlobalSection(ExtensibilityGlobals) = postSolution
		SolutionGuid = {54556F2F-5C0F-4E46-9AA7-1168E669289F}
	EndGlobalSection
EndGlobal
